
Microsoft Visual Studio Solution File, Format Version 12.00
# Visual Studio Version 16
VisualStudioVersion = 16.0.30804.86
MinimumVisualStudioVersion = 10.0.40219.1
Project("{FAE04EC0-301F-11D3-BF4B-00C04F79EFBC}") = "ASM1_SE14028", "ASM1_SE14028\ASM1_SE14028.csproj", "{4CC1B022-5D2E-4477-8CAB-5BEAD5CD067A}"
EndProject
Global
	GlobalSection(SolutionConfigurationPlatforms) = preSolution
		Debug|Any CPU = Debug|Any CPU
		Release|Any CPU = Release|Any CPU
	EndGlobalSection
	GlobalSection(ProjectConfigurationPlatforms) = postSolution
		{4CC1B022-5D2E-4477-8CAB-5BEAD5CD067A}.Debug|Any CPU.ActiveCfg = Debug|Any CPU
		{4CC1B022-5D2E-4477-8CAB-5BEAD5CD067A}.Debug|Any CPU.Build.0 = Debug|Any CPU
		{4CC1B022-5D2E-4477-8CAB-5BEAD5CD067A}.Release|Any CPU.ActiveCfg = Release|Any CPU
		{4CC1B022-5D2E-4477-8CAB-5BEAD5CD067A}.Release|Any CPU.Build.0 = Release|Any CPU
	EndGlobalSection
	GlobalSection(SolutionProperties) = preSolution
		HideSolutionNode = FALSE
	EndGlobalSection
	GlobalSection(ExtensibilityGlobals) = postSolution
		SolutionGuid = {A60813E3-07A7-4339-8D95-360E714BE4EE}
	EndGlobalSection
EndGlobal
